// !$*UTF8*$!
{
	archiveVersion = 1;
	classes = {
	};
	objectVersion = 52;
	objects = {

/* Begin PBXBuildFile section */
		1300673F25CADAAD00C1055A /* AppDelegate.swift in Sources */ = {isa = PBXBuildFile; fileRef = 1300673E25CADAAD00C1055A /* AppDelegate.swift */; };
		1300674125CADAAD00C1055A /* SceneDelegate.swift in Sources */ = {isa = PBXBuildFile; fileRef = 1300674025CADAAD00C1055A /* SceneDelegate.swift */; };
		1300674325CADAAD00C1055A /* ContentView.swift in Sources */ = {isa = PBXBuildFile; fileRef = 1300674225CADAAD00C1055A /* ContentView.swift */; };
		1300674525CADAAE00C1055A /* Assets.xcassets in Resources */ = {isa = PBXBuildFile; fileRef = 1300674425CADAAE00C1055A /* Assets.xcassets */; };
		1300674825CADAAE00C1055A /* Preview Assets.xcassets in Resources */ = {isa = PBXBuildFile; fileRef = 1300674725CADAAE00C1055A /* Preview Assets.xcassets */; };
		1300674B25CADAAE00C1055A /* LaunchScreen.storyboard in Resources */ = {isa = PBXBuildFile; fileRef = 1300674925CADAAE00C1055A /* LaunchScreen.storyboard */; };
		136BA13225CBCC6F007D7730 /* GoogleService-Info.plist in Resources */ = {isa = PBXBuildFile; fileRef = 136BA13125CBCC6F007D7730 /* GoogleService-Info.plist */; };
		73BE451DE73A5A525731626C /* libPods-FlashDelivery-ios.a in Frameworks */ = {isa = PBXBuildFile; fileRef = 64BB2F3E864E78D191C40314 /* libPods-FlashDelivery-ios.a */; };
/* End PBXBuildFile section */

/* Begin PBXFileReference section */
		1300673B25CADAAD00C1055A /* FlashDelivery-ios.app */ = {isa = PBXFileReference; explicitFileType = wrapper.application; includeInIndex = 0; path = "FlashDelivery-ios.app"; sourceTree = BUILT_PRODUCTS_DIR; };
		1300673E25CADAAD00C1055A /* AppDelegate.swift */ = {isa = PBXFileReference; lastKnownFileType = sourcecode.swift; path = AppDelegate.swift; sourceTree = "<group>"; };
		1300674025CADAAD00C1055A /* SceneDelegate.swift */ = {isa = PBXFileReference; lastKnownFileType = sourcecode.swift; path = SceneDelegate.swift; sourceTree = "<group>"; };
		1300674225CADAAD00C1055A /* ContentView.swift */ = {isa = PBXFileReference; lastKnownFileType = sourcecode.swift; path = ContentView.swift; sourceTree = "<group>"; };
		1300674425CADAAE00C1055A /* Assets.xcassets */ = {isa = PBXFileReference; lastKnownFileType = folder.assetcatalog; path = Assets.xcassets; sourceTree = "<group>"; };
		1300674725CADAAE00C1055A /* Preview Assets.xcassets */ = {isa = PBXFileReference; lastKnownFileType = folder.assetcatalog; path = "Preview Assets.xcassets"; sourceTree = "<group>"; };
		1300674A25CADAAE00C1055A /* Base */ = {isa = PBXFileReference; lastKnownFileType = file.storyboard; name = Base; path = Base.lproj/LaunchScreen.storyboard; sourceTree = "<group>"; };
		1300674C25CADAAE00C1055A /* Info.plist */ = {isa = PBXFileReference; lastKnownFileType = text.plist.xml; path = Info.plist; sourceTree = "<group>"; };
		136BA13125CBCC6F007D7730 /* GoogleService-Info.plist */ = {isa = PBXFileReference; lastKnownFileType = text.plist; path = "GoogleService-Info.plist"; sourceTree = SOURCE_ROOT; };
		64BB2F3E864E78D191C40314 /* libPods-FlashDelivery-ios.a */ = {isa = PBXFileReference; explicitFileType = archive.ar; includeInIndex = 0; path = "libPods-FlashDelivery-ios.a"; sourceTree = BUILT_PRODUCTS_DIR; };
		68EF1312A8FA0B2939CDBF0C /* Pods-FlashDelivery-ios.release.xcconfig */ = {isa = PBXFileReference; includeInIndex = 1; lastKnownFileType = text.xcconfig; name = "Pods-FlashDelivery-ios.release.xcconfig"; path = "Target Support Files/Pods-FlashDelivery-ios/Pods-FlashDelivery-ios.release.xcconfig"; sourceTree = "<group>"; };
		805BEF67F889B732D310911F /* Pods-FlashDelivery-ios.debug.xcconfig */ = {isa = PBXFileReference; includeInIndex = 1; lastKnownFileType = text.xcconfig; name = "Pods-FlashDelivery-ios.debug.xcconfig"; path = "Target Support Files/Pods-FlashDelivery-ios/Pods-FlashDelivery-ios.debug.xcconfig"; sourceTree = "<group>"; };
/* End PBXFileReference section */

/* Begin PBXFrameworksBuildPhase section */
		1300673825CADAAD00C1055A /* Frameworks */ = {
			isa = PBXFrameworksBuildPhase;
			buildActionMask = 2147483647;
			files = (
				73BE451DE73A5A525731626C /* libPods-FlashDelivery-ios.a in Frameworks */,
			);
			runOnlyForDeploymentPostprocessing = 0;
		};
/* End PBXFrameworksBuildPhase section */

/* Begin PBXGroup section */
		0B624F8B611D653ADA33D421 /* Pods */ = {
			isa = PBXGroup;
			children = (
				805BEF67F889B732D310911F /* Pods-FlashDelivery-ios.debug.xcconfig */,
				68EF1312A8FA0B2939CDBF0C /* Pods-FlashDelivery-ios.release.xcconfig */,
			);
			name = Pods;
			path = Pods;
			sourceTree = "<group>";
		};
		1300673225CADAAD00C1055A = {
			isa = PBXGroup;
			children = (
				1300673D25CADAAD00C1055A /* FlashDelivery-ios */,
				1300673C25CADAAD00C1055A /* Products */,
				0B624F8B611D653ADA33D421 /* Pods */,
				B84E54BD4ABF8FD09F193B9A /* Frameworks */,
			);
			sourceTree = "<group>";
		};
		1300673C25CADAAD00C1055A /* Products */ = {
			isa = PBXGroup;
			children = (
				1300673B25CADAAD00C1055A /* FlashDelivery-ios.app */,
			);
			name = Products;
			sourceTree = "<group>";
		};
		1300673D25CADAAD00C1055A /* FlashDelivery-ios */ = {
			isa = PBXGroup;
			children = (
				1300673E25CADAAD00C1055A /* AppDelegate.swift */,
				1300674025CADAAD00C1055A /* SceneDelegate.swift */,
				1300674225CADAAD00C1055A /* ContentView.swift */,
				1300674425CADAAE00C1055A /* Assets.xcassets */,
				1300674925CADAAE00C1055A /* LaunchScreen.storyboard */,
				1300674C25CADAAE00C1055A /* Info.plist */,
				136BA13125CBCC6F007D7730 /* GoogleService-Info.plist */,
				1300674625CADAAE00C1055A /* Preview Content */,
			);
			path = "FlashDelivery-ios";
			sourceTree = "<group>";
		};
		1300674625CADAAE00C1055A /* Preview Content */ = {
			isa = PBXGroup;
			children = (
				1300674725CADAAE00C1055A /* Preview Assets.xcassets */,
			);
			path = "Preview Content";
			sourceTree = "<group>";
		};
		B84E54BD4ABF8FD09F193B9A /* Frameworks */ = {
			isa = PBXGroup;
			children = (
				64BB2F3E864E78D191C40314 /* libPods-FlashDelivery-ios.a */,
			);
			name = Frameworks;
			sourceTree = "<group>";
		};
/* End PBXGroup section */

/* Begin PBXNativeTarget section */
		1300673A25CADAAD00C1055A /* FlashDelivery-ios */ = {
			isa = PBXNativeTarget;
			buildConfigurationList = 1300674F25CADAAE00C1055A /* Build configuration list for PBXNativeTarget "FlashDelivery-ios" */;
			buildPhases = (
				63562437E867160C40BBDDBD /* [CP] Check Pods Manifest.lock */,
				1300673725CADAAD00C1055A /* Sources */,
				1300673825CADAAD00C1055A /* Frameworks */,
				1300673925CADAAD00C1055A /* Resources */,
				D6311B7CE5D16E68313BA9C0 /* [CP] Copy Pods Resources */,
			);
			buildRules = (
			);
			dependencies = (
			);
			name = "FlashDelivery-ios";
			productName = "FlashDelivery-ios";
			productReference = 1300673B25CADAAD00C1055A /* FlashDelivery-ios.app */;
			productType = "com.apple.product-type.application";
		};
/* End PBXNativeTarget section */

/* Begin PBXProject section */
		1300673325CADAAD00C1055A /* Project object */ = {
			isa = PBXProject;
			attributes = {
				LastSwiftUpdateCheck = 1140;
				LastUpgradeCheck = 1140;
				ORGANIZATIONNAME = "Anjana Lakshan";
				TargetAttributes = {
					1300673A25CADAAD00C1055A = {
						CreatedOnToolsVersion = 11.4.1;
					};
				};
			};
			buildConfigurationList = 1300673625CADAAD00C1055A /* Build configuration list for PBXProject "FlashDelivery-ios" */;
			compatibilityVersion = "Xcode 11.0";
			developmentRegion = en;
			hasScannedForEncodings = 0;
			knownRegions = (
				en,
				Base,
			);
			mainGroup = 1300673225CADAAD00C1055A;
			productRefGroup = 1300673C25CADAAD00C1055A /* Products */;
			projectDirPath = "";
			projectRoot = "";
			targets = (
				1300673A25CADAAD00C1055A /* FlashDelivery-ios */,
			);
		};
/* End PBXProject section */

/* Begin PBXResourcesBuildPhase section */
		1300673925CADAAD00C1055A /* Resources */ = {
			isa = PBXResourcesBuildPhase;
			buildActionMask = 2147483647;
			files = (
				1300674B25CADAAE00C1055A /* LaunchScreen.storyboard in Resources */,
				136BA13225CBCC6F007D7730 /* GoogleService-Info.plist in Resources */,
				1300674825CADAAE00C1055A /* Preview Assets.xcassets in Resources */,
				1300674525CADAAE00C1055A /* Assets.xcassets in Resources */,
			);
			runOnlyForDeploymentPostprocessing = 0;
		};
/* End PBXResourcesBuildPhase section */

/* Begin PBXShellScriptBuildPhase section */
		63562437E867160C40BBDDBD /* [CP] Check Pods Manifest.lock */ = {
			isa = PBXShellScriptBuildPhase;
			buildActionMask = 2147483647;
			files = (
			);
			inputFileListPaths = (
			);
			inputPaths = (
				"${PODS_PODFILE_DIR_PATH}/Podfile.lock",
				"${PODS_ROOT}/Manifest.lock",
			);
			name = "[CP] Check Pods Manifest.lock";
			outputFileListPaths = (
			);
			outputPaths = (
				"$(DERIVED_FILE_DIR)/Pods-FlashDelivery-ios-checkManifestLockResult.txt",
			);
			runOnlyForDeploymentPostprocessing = 0;
			shellPath = /bin/sh;
			shellScript = "diff \"${PODS_PODFILE_DIR_PATH}/Podfile.lock\" \"${PODS_ROOT}/Manifest.lock\" > /dev/null\nif [ $? != 0 ] ; then\n    # print error to STDERR\n    echo \"error: The sandbox is not in sync with the Podfile.lock. Run 'pod install' or update your CocoaPods installation.\" >&2\n    exit 1\nfi\n# This output is used by Xcode 'outputs' to avoid re-running this script phase.\necho \"SUCCESS\" > \"${SCRIPT_OUTPUT_FILE_0}\"\n";
			showEnvVarsInLog = 0;
		};
		D6311B7CE5D16E68313BA9C0 /* [CP] Copy Pods Resources */ = {
			isa = PBXShellScriptBuildPhase;
			buildActionMask = 2147483647;
			files = (
			);
			inputFileListPaths = (
				"${PODS_ROOT}/Target Support Files/Pods-FlashDelivery-ios/Pods-FlashDelivery-ios-resources-${CONFIGURATION}-input-files.xcfilelist",
			);
			name = "[CP] Copy Pods Resources";
			outputFileListPaths = (
				"${PODS_ROOT}/Target Support Files/Pods-FlashDelivery-ios/Pods-FlashDelivery-ios-resources-${CONFIGURATION}-output-files.xcfilelist",
			);
			runOnlyForDeploymentPostprocessing = 0;
			shellPath = /bin/sh;
			shellScript = "\"${PODS_ROOT}/Target Support Files/Pods-FlashDelivery-ios/Pods-FlashDelivery-ios-resources.sh\"\n";
			showEnvVarsInLog = 0;
		};
/* End PBXShellScriptBuildPhase section */

/* Begin PBXSourcesBuildPhase section */
		1300673725CADAAD00C1055A /* Sources */ = {
			isa = PBXSourcesBuildPhase;
			buildActionMask = 2147483647;
			files = (
				1300673F25CADAAD00C1055A /* AppDelegate.swift in Sources */,
				1300674125CADAAD00C1055A /* SceneDelegate.swift in Sources */,
				1300674325CADAAD00C1055A /* ContentView.swift in Sources */,
			);
			runOnlyForDeploymentPostprocessing = 0;
		};
/* End PBXSourcesBuildPhase section */

/* Begin PBXVariantGroup section */
		1300674925CADAAE00C1055A /* LaunchScreen.storyboard */ = {
			isa = PBXVariantGroup;
			children = (
				1300674A25CADAAE00C1055A /* Base */,
			);
			name = LaunchScreen.storyboard;
			sourceTree = "<group>";
		};
/* End PBXVariantGroup section */

/* Begin XCBuildConfiguration section */
		1300674D25CADAAE00C1055A /* Debug */ = {
			isa = XCBuildConfiguration;
			buildSettings = {
				ALWAYS_SEARCH_USER_PATHS = NO;
				CLANG_ANALYZER_NONNULL = YES;
				CLANG_ANALYZER_NUMBER_OBJECT_CONVERSION = YES_AGGRESSIVE;
				CLANG_CXX_LANGUAGE_STANDARD = "gnu++14";
				CLANG_CXX_LIBRARY = "libc++";
				CLANG_ENABLE_MODULES = YES;
				CLANG_ENABLE_OBJC_ARC = YES;
				CLANG_ENABLE_OBJC_WEAK = YES;
				CLANG_WARN_BLOCK_CAPTURE_AUTORELEASING = YES;
				CLANG_WARN_BOOL_CONVERSION = YES;
				CLANG_WARN_COMMA = YES;
				CLANG_WARN_CONSTANT_CONVERSION = YES;
				CLANG_WARN_DEPRECATED_OBJC_IMPLEMENTATIONS = YES;
				CLANG_WARN_DIRECT_OBJC_ISA_USAGE = YES_ERROR;
				CLANG_WARN_DOCUMENTATION_COMMENTS = YES;
				CLANG_WARN_EMPTY_BODY = YES;
				CLANG_WARN_ENUM_CONVERSION = YES;
				CLANG_WARN_INFINITE_RECURSION = YES;
				CLANG_WARN_INT_CONVERSION = YES;
				CLANG_WARN_NON_LITERAL_NULL_CONVERSION = YES;
				CLANG_WARN_OBJC_IMPLICIT_RETAIN_SELF = YES;
				CLANG_WARN_OBJC_LITERAL_CONVERSION = YES;
				CLANG_WARN_OBJC_ROOT_CLASS = YES_ERROR;
				CLANG_WARN_RANGE_LOOP_ANALYSIS = YES;
				CLANG_WARN_STRICT_PROTOTYPES = YES;
				CLANG_WARN_SUSPICIOUS_MOVE = YES;
				CLANG_WARN_UNGUARDED_AVAILABILITY = YES_AGGRESSIVE;
				CLANG_WARN_UNREACHABLE_CODE = YES;
				CLANG_WARN__DUPLICATE_METHOD_MATCH = YES;
				COPY_PHASE_STRIP = NO;
				DEBUG_INFORMATION_FORMAT = dwarf;
				ENABLE_STRICT_OBJC_MSGSEND = YES;
				ENABLE_TESTABILITY = YES;
				GCC_C_LANGUAGE_STANDARD = gnu11;
				GCC_DYNAMIC_NO_PIC = NO;
				GCC_NO_COMMON_BLOCKS = YES;
				GCC_OPTIMIZATION_LEVEL = 0;
				GCC_PREPROCESSOR_DEFINITIONS = (
					"DEBUG=1",
					"$(inherited)",
				);
				GCC_WARN_64_TO_32_BIT_CONVERSION = YES;
				GCC_WARN_ABOUT_RETURN_TYPE = YES_ERROR;
				GCC_WARN_UNDECLARED_SELECTOR = YES;
				GCC_WARN_UNINITIALIZED_AUTOS = YES_AGGRESSIVE;
				GCC_WARN_UNUSED_FUNCTION = YES;
				GCC_WARN_UNUSED_VARIABLE = YES;
				IPHONEOS_DEPLOYMENT_TARGET = 13.4;
				MTL_ENABLE_DEBUG_INFO = INCLUDE_SOURCE;
				MTL_FAST_MATH = YES;
				ONLY_ACTIVE_ARCH = YES;
				SDKROOT = iphoneos;
				SWIFT_ACTIVE_COMPILATION_CONDITIONS = DEBUG;
				SWIFT_OPTIMIZATION_LEVEL = "-Onone";
			};
			name = Debug;
		};
		1300674E25CADAAE00C1055A /* Release */ = {
			isa = XCBuildConfiguration;
			buildSettings = {
				ALWAYS_SEARCH_USER_PATHS = NO;
				CLANG_ANALYZER_NONNULL = YES;
				CLANG_ANALYZER_NUMBER_OBJECT_CONVERSION = YES_AGGRESSIVE;
				CLANG_CXX_LANGUAGE_STANDARD = "gnu++14";
				CLANG_CXX_LIBRARY = "libc++";
				CLANG_ENABLE_MODULES = YES;
				CLANG_ENABLE_OBJC_ARC = YES;
				CLANG_ENABLE_OBJC_WEAK = YES;
				CLANG_WARN_BLOCK_CAPTURE_AUTORELEASING = YES;
				CLANG_WARN_BOOL_CONVERSION = YES;
				CLANG_WARN_COMMA = YES;
				CLANG_WARN_CONSTANT_CONVERSION = YES;
				CLANG_WARN_DEPRECATED_OBJC_IMPLEMENTATIONS = YES;
				CLANG_WARN_DIRECT_OBJC_ISA_USAGE = YES_ERROR;
				CLANG_WARN_DOCUMENTATION_COMMENTS = YES;
				CLANG_WARN_EMPTY_BODY = YES;
				CLANG_WARN_ENUM_CONVERSION = YES;
				CLANG_WARN_INFINITE_RECURSION = YES;
				CLANG_WARN_INT_CONVERSION = YES;
				CLANG_WARN_NON_LITERAL_NULL_CONVERSION = YES;
				CLANG_WARN_OBJC_IMPLICIT_RETAIN_SELF = YES;
				CLANG_WARN_OBJC_LITERAL_CONVERSION = YES;
				CLANG_WARN_OBJC_ROOT_CLASS = YES_ERROR;
				CLANG_WARN_RANGE_LOOP_ANALYSIS = YES;
				CLANG_WARN_STRICT_PROTOTYPES = YES;
				CLANG_WARN_SUSPICIOUS_MOVE = YES;
				CLANG_WARN_UNGUARDED_AVAILABILITY = YES_AGGRESSIVE;
				CLANG_WARN_UNREACHABLE_CODE = YES;
				CLANG_WARN__DUPLICATE_METHOD_MATCH = YES;
				COPY_PHASE_STRIP = NO;
				DEBUG_INFORMATION_FORMAT = "dwarf-with-dsym";
				ENABLE_NS_ASSERTIONS = NO;
				ENABLE_STRICT_OBJC_MSGSEND = YES;
				GCC_C_LANGUAGE_STANDARD = gnu11;
				GCC_NO_COMMON_BLOCKS = YES;
				GCC_WARN_64_TO_32_BIT_CONVERSION = YES;
				GCC_WARN_ABOUT_RETURN_TYPE = YES_ERROR;
				GCC_WARN_UNDECLARED_SELECTOR = YES;
				GCC_WARN_UNINITIALIZED_AUTOS = YES_AGGRESSIVE;
				GCC_WARN_UNUSED_FUNCTION = YES;
				GCC_WARN_UNUSED_VARIABLE = YES;
				IPHONEOS_DEPLOYMENT_TARGET = 13.4;
				MTL_ENABLE_DEBUG_INFO = NO;
				MTL_FAST_MATH = YES;
				SDKROOT = iphoneos;
				SWIFT_COMPILATION_MODE = wholemodule;
				SWIFT_OPTIMIZATION_LEVEL = "-O";
				VALIDATE_PRODUCT = YES;
			};
			name = Release;
		};
		1300675025CADAAE00C1055A /* Debug */ = {
			isa = XCBuildConfiguration;
			baseConfigurationReference = 805BEF67F889B732D310911F /* Pods-FlashDelivery-ios.debug.xcconfig */;
			buildSettings = {
				ASSETCATALOG_COMPILER_APPICON_NAME = AppIcon;
				CODE_SIGN_STYLE = Automatic;
				DEVELOPMENT_ASSET_PATHS = "\"FlashDelivery-ios/Preview Content\"";
				DEVELOPMENT_TEAM = FGWBKVH7RW;
				ENABLE_PREVIEWS = YES;
				INFOPLIST_FILE = "FlashDelivery-ios/Info.plist";
				LD_RUNPATH_SEARCH_PATHS = (
					"$(inherited)",
					"@executable_path/Frameworks",
				);
				PRODUCT_BUNDLE_IDENTIFIER = "Anjana.FlashDelivery-ios";
				PRODUCT_NAME = "$(TARGET_NAME)";
				SWIFT_VERSION = 5.0;
				TARGETED_DEVICE_FAMILY = "1,2";
			};
			name = Debug;
		};
		1300675125CADAAE00C1055A /* Release */ = {
			isa = XCBuildConfiguration;
			baseConfigurationReference = 68EF1312A8FA0B2939CDBF0C /* Pods-FlashDelivery-ios.release.xcconfig */;
			buildSettings = {
				ASSETCATALOG_COMPILER_APPICON_NAME = AppIcon;
				CODE_SIGN_STYLE = Automatic;
				DEVELOPMENT_ASSET_PATHS = "\"FlashDelivery-ios/Preview Content\"";
				DEVELOPMENT_TEAM = FGWBKVH7RW;
				ENABLE_PREVIEWS = YES;
				INFOPLIST_FILE = "FlashDelivery-ios/Info.plist";
				LD_RUNPATH_SEARCH_PATHS = (
					"$(inherited)",
					"@executable_path/Frameworks",
				);
				PRODUCT_BUNDLE_IDENTIFIER = "Anjana.FlashDelivery-ios";
				PRODUCT_NAME = "$(TARGET_NAME)";
				SWIFT_VERSION = 5.0;
				TARGETED_DEVICE_FAMILY = "1,2";
			};
			name = Release;
		};
/* End XCBuildConfiguration section */

/* Begin XCConfigurationList section */
		1300673625CADAAD00C1055A /* Build configuration list for PBXProject "FlashDelivery-ios" */ = {
			isa = XCConfigurationList;
			buildConfigurations = (
				1300674D25CADAAE00C1055A /* Debug */,
				1300674E25CADAAE00C1055A /* Release */,
			);
			defaultConfigurationIsVisible = 0;
			defaultConfigurationName = Release;
		};
		1300674F25CADAAE00C1055A /* Build configuration list for PBXNativeTarget "FlashDelivery-ios" */ = {
			isa = XCConfigurationList;
			buildConfigurations = (
				1300675025CADAAE00C1055A /* Debug */,
				1300675125CADAAE00C1055A /* Release */,
			);
			defaultConfigurationIsVisible = 0;
			defaultConfigurationName = Release;
		};
/* End XCConfigurationList section */
	};
	rootObject = 1300673325CADAAD00C1055A /* Project object */;
}
